<?xml version="1.0" encoding="utf-8"?>
<Project ToolsVersion="4.0" xmlns="http://schemas.microsoft.com/developer/msbuild/2003">
  <ItemGroup>
    <Filter Include="Source Files">
      <UniqueIdentifier>{4FC737F1-C7A5-4376-A066-2A32D752A2FF}</UniqueIdentifier>
      <Extensions>cpp;c;cc;cxx;def;odl;idl;hpj;bat;asm;asmx</Extensions>
    </Filter>
    <Filter Include="Header Files">
      <UniqueIdentifier>{93995380-89BD-4b04-88EB-625FBE52EBFB}</UniqueIdentifier>
      <Extensions>h;hh;hpp;hxx;hm;inl;inc;ipp;xsd</Extensions>
    </Filter>
    <Filter Include="Header Files\Windows">
      <UniqueIdentifier>{e0d4fc64-d61c-4d97-bc13-6446f66220c1}</UniqueIdentifier>
    </Filter>
    <Filter Include="Source Files\Windows">
      <UniqueIdentifier>{4d46dd3b-2ec7-462d-8c83-f27087e17fa4}</UniqueIdentifier>
    </Filter>
    <Filter Include="Source Files\Entity">
      <UniqueIdentifier>{ba59ec42-1ff4-43ab-805c-a38207744f49}</UniqueIdentifier>
    </Filter>
    <Filter Include="Source Files\Animation">
      <UniqueIdentifier>{4a1bc12c-903a-4eff-bd0f-2a675ceb2bdc}</UniqueIdentifier>
    </Filter>
    <Filter Include="Header Files\Animation">
      <UniqueIdentifier>{82351a49-72a7-439f-816c-bb536bc39447}</UniqueIdentifier>
    </Filter>
    <Filter Include="Header Files\Exceptions">
      <UniqueIdentifier>{c018d053-ca15-4f4d-814e-0ccfaec96a89}</UniqueIdentifier>
    </Filter>
    <Filter Include="Header Files\Entitys">
      <UniqueIdentifier>{4af56745-86f3-480d-8453-4295c82bb7b5}</UniqueIdentifier>
    </Filter>
  </ItemGroup>
  <ItemGroup>
    <ClInclude Include="pch.h">
      <Filter>Header Files</Filter>
    </ClInclude>
    <ClInclude Include="Audio.h">
      <Filter>Header Files\Windows</Filter>
    </ClInclude>
    <ClInclude Include="Display.h">
      <Filter>Header Files\Windows</Filter>
    </ClInclude>
    <ClInclude Include="Menu.h">
      <Filter>Header Files\Windows</Filter>
    </ClInclude>
    <ClInclude Include="Options.h">
      <Filter>Header Files\Windows</Filter>
    </ClInclude>
    <ClInclude Include="Play.h">
      <Filter>Header Files\Windows</Filter>
    </ClInclude>
    <ClInclude Include="WindowControl.h">
      <Filter>Header Files\Windows</Filter>
    </ClInclude>
    <ClInclude Include="WindowsSettings.h">
      <Filter>Header Files\Windows</Filter>
    </ClInclude>
    <ClInclude Include="Windows.h">
      <Filter>Header Files\Windows</Filter>
    </ClInclude>
    <ClInclude Include="Animation.h">
      <Filter>Header Files\Animation</Filter>
    </ClInclude>
    <ClInclude Include="XBoundary.h">
      <Filter>Header Files\Exceptions</Filter>
    </ClInclude>
    <ClInclude Include="EndOfWorld.h">
      <Filter>Header Files\Entitys</Filter>
    </ClInclude>
    <ClInclude Include="Entity.h">
      <Filter>Header Files\Entitys</Filter>
    </ClInclude>
    <ClInclude Include="Explosion.h">
      <Filter>Header Files\Entitys</Filter>
    </ClInclude>
    <ClInclude Include="Laser.h">
      <Filter>Header Files\Entitys</Filter>
    </ClInclude>
    <ClInclude Include="Player.h">
      <Filter>Header Files\Entitys</Filter>
    </ClInclude>
    <ClInclude Include="EntityList.h">
      <Filter>Header Files\Entitys</Filter>
    </ClInclude>
    <ClInclude Include="Meteors.h">
      <Filter>Header Files\Entitys</Filter>
    </ClInclude>
  </ItemGroup>
  <ItemGroup>
    <ClCompile Include="pch.cpp">
      <Filter>Source Files</Filter>
    </ClCompile>
    <ClCompile Include="Audio.cpp">
      <Filter>Source Files\Windows</Filter>
    </ClCompile>
    <ClCompile Include="Display.cpp">
      <Filter>Source Files\Windows</Filter>
    </ClCompile>
    <ClCompile Include="Menu.cpp">
      <Filter>Source Files\Windows</Filter>
    </ClCompile>
    <ClCompile Include="Options.cpp">
      <Filter>Source Files\Windows</Filter>
    </ClCompile>
    <ClCompile Include="Play.cpp">
      <Filter>Source Files\Windows</Filter>
    </ClCompile>
    <ClCompile Include="WindowsSettings.cpp">
      <Filter>Source Files\Windows</Filter>
    </ClCompile>
    <ClCompile Include="Entity.cpp">
      <Filter>Source Files\Entity</Filter>
    </ClCompile>
    <ClCompile Include="Animation.cpp">
      <Filter>Source Files\Animation</Filter>
    </ClCompile>
    <ClCompile Include="Main.cpp">
      <Filter>Source Files</Filter>
    </ClCompile>
    <ClCompile Include="Player.cpp">
      <Filter>Source Files\Entity</Filter>
    </ClCompile>
    <ClCompile Include="Explosion.cpp">
      <Filter>Source Files\Entity</Filter>
    </ClCompile>
    <ClCompile Include="EndOfWorld.cpp">
      <Filter>Source Files\Entity</Filter>
    </ClCompile>
    <ClCompile Include="Laser.cpp">
      <Filter>Source Files\Entity</Filter>
    </ClCompile>
    <ClCompile Include="Meteors.cpp">
      <Filter>Source Files\Entity</Filter>
    </ClCompile>
  </ItemGroup>
</Project>